// !$*UTF8*$!
{
	archiveVersion = 1;
	classes = {
	};
	objectVersion = 56;
	objects = {

/* Begin PBXBuildFile section */
		54A2405E29EFD1A300376349 /* EnergyAustraliaTestAppApp.swift in Sources */ = {isa = PBXBuildFile; fileRef = 54A2405D29EFD1A300376349 /* EnergyAustraliaTestAppApp.swift */; };
		54A2406029EFD1A300376349 /* ContentView.swift in Sources */ = {isa = PBXBuildFile; fileRef = 54A2405F29EFD1A300376349 /* ContentView.swift */; };
		54A2406229EFD1A500376349 /* Assets.xcassets in Resources */ = {isa = PBXBuildFile; fileRef = 54A2406129EFD1A500376349 /* Assets.xcassets */; };
		54A2406529EFD1A600376349 /* Preview Assets.xcassets in Resources */ = {isa = PBXBuildFile; fileRef = 54A2406429EFD1A600376349 /* Preview Assets.xcassets */; };
		54A2406D29EFD2F000376349 /* MusicFestival.swift in Sources */ = {isa = PBXBuildFile; fileRef = 54A2406C29EFD2F000376349 /* MusicFestival.swift */; };
		54A2406F29EFD3CC00376349 /* FestivalsView.swift in Sources */ = {isa = PBXBuildFile; fileRef = 54A2406E29EFD3CC00376349 /* FestivalsView.swift */; };
		54A2407129EFD40200376349 /* FestivalsViewModel.swift in Sources */ = {isa = PBXBuildFile; fileRef = 54A2407029EFD40200376349 /* FestivalsViewModel.swift */; };
		54A2407429EFDA0600376349 /* WebService.swift in Sources */ = {isa = PBXBuildFile; fileRef = 54A2407329EFDA0600376349 /* WebService.swift */; };
		54EFD4F529F03C6C00AB05EE /* EnergyAustraliaTestAppTests.swift in Sources */ = {isa = PBXBuildFile; fileRef = 54EFD4F429F03C6C00AB05EE /* EnergyAustraliaTestAppTests.swift */; };
/* End PBXBuildFile section */

/* Begin PBXContainerItemProxy section */
		54EFD4F629F03C6C00AB05EE /* PBXContainerItemProxy */ = {
			isa = PBXContainerItemProxy;
			containerPortal = 54A2405229EFD1A300376349 /* Project object */;
			proxyType = 1;
			remoteGlobalIDString = 54A2405929EFD1A300376349;
			remoteInfo = EnergyAustraliaTestApp;
		};
/* End PBXContainerItemProxy section */

/* Begin PBXFileReference section */
		54A2405A29EFD1A300376349 /* EnergyAustraliaTestApp.app */ = {isa = PBXFileReference; explicitFileType = wrapper.application; includeInIndex = 0; path = EnergyAustraliaTestApp.app; sourceTree = BUILT_PRODUCTS_DIR; };
		54A2405D29EFD1A300376349 /* EnergyAustraliaTestAppApp.swift */ = {isa = PBXFileReference; lastKnownFileType = sourcecode.swift; path = EnergyAustraliaTestAppApp.swift; sourceTree = "<group>"; };
		54A2405F29EFD1A300376349 /* ContentView.swift */ = {isa = PBXFileReference; lastKnownFileType = sourcecode.swift; path = ContentView.swift; sourceTree = "<group>"; };
		54A2406129EFD1A500376349 /* Assets.xcassets */ = {isa = PBXFileReference; lastKnownFileType = folder.assetcatalog; path = Assets.xcassets; sourceTree = "<group>"; };
		54A2406429EFD1A600376349 /* Preview Assets.xcassets */ = {isa = PBXFileReference; lastKnownFileType = folder.assetcatalog; path = "Preview Assets.xcassets"; sourceTree = "<group>"; };
		54A2406C29EFD2F000376349 /* MusicFestival.swift */ = {isa = PBXFileReference; lastKnownFileType = sourcecode.swift; path = MusicFestival.swift; sourceTree = "<group>"; };
		54A2406E29EFD3CC00376349 /* FestivalsView.swift */ = {isa = PBXFileReference; lastKnownFileType = sourcecode.swift; path = FestivalsView.swift; sourceTree = "<group>"; };
		54A2407029EFD40200376349 /* FestivalsViewModel.swift */ = {isa = PBXFileReference; lastKnownFileType = sourcecode.swift; path = FestivalsViewModel.swift; sourceTree = "<group>"; };
		54A2407329EFDA0600376349 /* WebService.swift */ = {isa = PBXFileReference; lastKnownFileType = sourcecode.swift; path = WebService.swift; sourceTree = "<group>"; };
		54D89F5E29F0F54A00D6E900 /* Info.plist */ = {isa = PBXFileReference; lastKnownFileType = text.plist; path = Info.plist; sourceTree = "<group>"; };
		54EFD4F229F03C6C00AB05EE /* EnergyAustraliaTestAppTests.xctest */ = {isa = PBXFileReference; explicitFileType = wrapper.cfbundle; includeInIndex = 0; path = EnergyAustraliaTestAppTests.xctest; sourceTree = BUILT_PRODUCTS_DIR; };
		54EFD4F429F03C6C00AB05EE /* EnergyAustraliaTestAppTests.swift */ = {isa = PBXFileReference; lastKnownFileType = sourcecode.swift; path = EnergyAustraliaTestAppTests.swift; sourceTree = "<group>"; };
/* End PBXFileReference section */

/* Begin PBXFrameworksBuildPhase section */
		54A2405729EFD1A300376349 /* Frameworks */ = {
			isa = PBXFrameworksBuildPhase;
			buildActionMask = 2147483647;
			files = (
			);
			runOnlyForDeploymentPostprocessing = 0;
		};
		54EFD4EF29F03C6C00AB05EE /* Frameworks */ = {
			isa = PBXFrameworksBuildPhase;
			buildActionMask = 2147483647;
			files = (
			);
			runOnlyForDeploymentPostprocessing = 0;
		};
/* End PBXFrameworksBuildPhase section */

/* Begin PBXGroup section */
		54A2405129EFD1A300376349 = {
			isa = PBXGroup;
			children = (
				54A2405C29EFD1A300376349 /* EnergyAustraliaTestApp */,
				54EFD4F329F03C6C00AB05EE /* EnergyAustraliaTestAppTests */,
				54A2405B29EFD1A300376349 /* Products */,
			);
			sourceTree = "<group>";
		};
		54A2405B29EFD1A300376349 /* Products */ = {
			isa = PBXGroup;
			children = (
				54A2405A29EFD1A300376349 /* EnergyAustraliaTestApp.app */,
				54EFD4F229F03C6C00AB05EE /* EnergyAustraliaTestAppTests.xctest */,
			);
			name = Products;
			sourceTree = "<group>";
		};
		54A2405C29EFD1A300376349 /* EnergyAustraliaTestApp */ = {
			isa = PBXGroup;
			children = (
				54D89F5E29F0F54A00D6E900 /* Info.plist */,
				54A2405D29EFD1A300376349 /* EnergyAustraliaTestAppApp.swift */,
				54A2405F29EFD1A300376349 /* ContentView.swift */,
				54D89F5529F0D30A00D6E900 /* View */,
				54D89F5629F0D31B00D6E900 /* ViewModel */,
				54A2407229EFD9BB00376349 /* APIClient */,
				54A2406B29EFD2BE00376349 /* Model */,
				54A2406129EFD1A500376349 /* Assets.xcassets */,
				54A2406329EFD1A600376349 /* Preview Content */,
			);
			path = EnergyAustraliaTestApp;
			sourceTree = "<group>";
		};
		54A2406329EFD1A600376349 /* Preview Content */ = {
			isa = PBXGroup;
			children = (
				54A2406429EFD1A600376349 /* Preview Assets.xcassets */,
			);
			path = "Preview Content";
			sourceTree = "<group>";
		};
		54A2406B29EFD2BE00376349 /* Model */ = {
			isa = PBXGroup;
			children = (
				54A2406C29EFD2F000376349 /* MusicFestival.swift */,
			);
			path = Model;
			sourceTree = "<group>";
		};
		54A2407229EFD9BB00376349 /* APIClient */ = {
			isa = PBXGroup;
			children = (
				54A2407329EFDA0600376349 /* WebService.swift */,
			);
			path = APIClient;
			sourceTree = "<group>";
		};
		54D89F5529F0D30A00D6E900 /* View */ = {
			isa = PBXGroup;
			children = (
				54A2406E29EFD3CC00376349 /* FestivalsView.swift */,
			);
			path = View;
			sourceTree = "<group>";
		};
		54D89F5629F0D31B00D6E900 /* ViewModel */ = {
			isa = PBXGroup;
			children = (
				54A2407029EFD40200376349 /* FestivalsViewModel.swift */,
			);
			path = ViewModel;
			sourceTree = "<group>";
		};
		54EFD4F329F03C6C00AB05EE /* EnergyAustraliaTestAppTests */ = {
			isa = PBXGroup;
			children = (
				54EFD4F429F03C6C00AB05EE /* EnergyAustraliaTestAppTests.swift */,
			);
			path = EnergyAustraliaTestAppTests;
			sourceTree = "<group>";
		};
/* End PBXGroup section */

/* Begin PBXNativeTarget section */
		54A2405929EFD1A300376349 /* EnergyAustraliaTestApp */ = {
			isa = PBXNativeTarget;
			buildConfigurationList = 54A2406829EFD1A600376349 /* Build configuration list for PBXNativeTarget "EnergyAustraliaTestApp" */;
			buildPhases = (
				54A2405629EFD1A300376349 /* Sources */,
				54A2405729EFD1A300376349 /* Frameworks */,
				54A2405829EFD1A300376349 /* Resources */,
			);
			buildRules = (
			);
			dependencies = (
			);
			name = EnergyAustraliaTestApp;
			productName = EnergyAustraliaTestApp;
			productReference = 54A2405A29EFD1A300376349 /* EnergyAustraliaTestApp.app */;
			productType = "com.apple.product-type.application";
		};
		54EFD4F129F03C6C00AB05EE /* EnergyAustraliaTestAppTests */ = {
			isa = PBXNativeTarget;
			buildConfigurationList = 54EFD4F829F03C6C00AB05EE /* Build configuration list for PBXNativeTarget "EnergyAustraliaTestAppTests" */;
			buildPhases = (
				54EFD4EE29F03C6C00AB05EE /* Sources */,
				54EFD4EF29F03C6C00AB05EE /* Frameworks */,
				54EFD4F029F03C6C00AB05EE /* Resources */,
			);
			buildRules = (
			);
			dependencies = (
				54EFD4F729F03C6C00AB05EE /* PBXTargetDependency */,
			);
			name = EnergyAustraliaTestAppTests;
			productName = EnergyAustraliaTestAppTests;
			productReference = 54EFD4F229F03C6C00AB05EE /* EnergyAustraliaTestAppTests.xctest */;
			productType = "com.apple.product-type.bundle.unit-test";
		};
/* End PBXNativeTarget section */

/* Begin PBXProject section */
		54A2405229EFD1A300376349 /* Project object */ = {
			isa = PBXProject;
			attributes = {
				BuildIndependentTargetsInParallel = 1;
				LastSwiftUpdateCheck = 1430;
				LastUpgradeCheck = 1430;
				TargetAttributes = {
					54A2405929EFD1A300376349 = {
						CreatedOnToolsVersion = 14.3;
					};
					54EFD4F129F03C6C00AB05EE = {
						CreatedOnToolsVersion = 14.3;
						TestTargetID = 54A2405929EFD1A300376349;
					};
				};
			};
			buildConfigurationList = 54A2405529EFD1A300376349 /* Build configuration list for PBXProject "EnergyAustraliaTestApp" */;
			compatibilityVersion = "Xcode 14.0";
			developmentRegion = en;
			hasScannedForEncodings = 0;
			knownRegions = (
				en,
				Base,
			);
			mainGroup = 54A2405129EFD1A300376349;
			productRefGroup = 54A2405B29EFD1A300376349 /* Products */;
			projectDirPath = "";
			projectRoot = "";
			targets = (
				54A2405929EFD1A300376349 /* EnergyAustraliaTestApp */,
				54EFD4F129F03C6C00AB05EE /* EnergyAustraliaTestAppTests */,
			);
		};
/* End PBXProject section */

/* Begin PBXResourcesBuildPhase section */
		54A2405829EFD1A300376349 /* Resources */ = {
			isa = PBXResourcesBuildPhase;
			buildActionMask = 2147483647;
			files = (
				54A2406529EFD1A600376349 /* Preview Assets.xcassets in Resources */,
				54A2406229EFD1A500376349 /* Assets.xcassets in Resources */,
			);
			runOnlyForDeploymentPostprocessing = 0;
		};
		54EFD4F029F03C6C00AB05EE /* Resources */ = {
			isa = PBXResourcesBuildPhase;
			buildActionMask = 2147483647;
			files = (
			);
			runOnlyForDeploymentPostprocessing = 0;
		};
/* End PBXResourcesBuildPhase section */

/* Begin PBXSourcesBuildPhase section */
		54A2405629EFD1A300376349 /* Sources */ = {
			isa = PBXSourcesBuildPhase;
			buildActionMask = 2147483647;
			files = (
				54A2407429EFDA0600376349 /* WebService.swift in Sources */,
				54A2407129EFD40200376349 /* FestivalsViewModel.swift in Sources */,
				54A2406D29EFD2F000376349 /* MusicFestival.swift in Sources */,
				54A2406029EFD1A300376349 /* ContentView.swift in Sources */,
				54A2406F29EFD3CC00376349 /* FestivalsView.swift in Sources */,
				54A2405E29EFD1A300376349 /* EnergyAustraliaTestAppApp.swift in Sources */,
			);
			runOnlyForDeploymentPostprocessing = 0;
		};
		54EFD4EE29F03C6C00AB05EE /* Sources */ = {
			isa = PBXSourcesBuildPhase;
			buildActionMask = 2147483647;
			files = (
				54EFD4F529F03C6C00AB05EE /* EnergyAustraliaTestAppTests.swift in Sources */,
			);
			runOnlyForDeploymentPostprocessing = 0;
		};
/* End PBXSourcesBuildPhase section */

/* Begin PBXTargetDependency section */
		54EFD4F729F03C6C00AB05EE /* PBXTargetDependency */ = {
			isa = PBXTargetDependency;
			target = 54A2405929EFD1A300376349 /* EnergyAustraliaTestApp */;
			targetProxy = 54EFD4F629F03C6C00AB05EE /* PBXContainerItemProxy */;
		};
/* End PBXTargetDependency section */

/* Begin XCBuildConfiguration section */
		54A2406629EFD1A600376349 /* Debug */ = {
			isa = XCBuildConfiguration;
			buildSettings = {
				ALWAYS_SEARCH_USER_PATHS = NO;
				BACKEND_ENVIRONMENT = dev;
				BASE_URL = "https://eacp.energyaustralia.com.au/codingtest/api/v1/festivals";
				CLANG_ANALYZER_NONNULL = YES;
				CLANG_ANALYZER_NUMBER_OBJECT_CONVERSION = YES_AGGRESSIVE;
				CLANG_CXX_LANGUAGE_STANDARD = "gnu++20";
				CLANG_ENABLE_MODULES = YES;
				CLANG_ENABLE_OBJC_ARC = YES;
				CLANG_ENABLE_OBJC_WEAK = YES;
				CLANG_WARN_BLOCK_CAPTURE_AUTORELEASING = YES;
				CLANG_WARN_BOOL_CONVERSION = YES;
				CLANG_WARN_COMMA = YES;
				CLANG_WARN_CONSTANT_CONVERSION = YES;
				CLANG_WARN_DEPRECATED_OBJC_IMPLEMENTATIONS = YES;
				CLANG_WARN_DIRECT_OBJC_ISA_USAGE = YES_ERROR;
				CLANG_WARN_DOCUMENTATION_COMMENTS = YES;
				CLANG_WARN_EMPTY_BODY = YES;
				CLANG_WARN_ENUM_CONVERSION = YES;
				CLANG_WARN_INFINITE_RECURSION = YES;
				CLANG_WARN_INT_CONVERSION = YES;
				CLANG_WARN_NON_LITERAL_NULL_CONVERSION = YES;
				CLANG_WARN_OBJC_IMPLICIT_RETAIN_SELF = YES;
				CLANG_WARN_OBJC_LITERAL_CONVERSION = YES;
				CLANG_WARN_OBJC_ROOT_CLASS = YES_ERROR;
				CLANG_WARN_QUOTED_INCLUDE_IN_FRAMEWORK_HEADER = YES;
				CLANG_WARN_RANGE_LOOP_ANALYSIS = YES;
				CLANG_WARN_STRICT_PROTOTYPES = YES;
				CLANG_WARN_SUSPICIOUS_MOVE = YES;
				CLANG_WARN_UNGUARDED_AVAILABILITY = YES_AGGRESSIVE;
				CLANG_WARN_UNREACHABLE_CODE = YES;
				CLANG_WARN__DUPLICATE_METHOD_MATCH = YES;
				COPY_PHASE_STRIP = NO;
				DEBUG_INFORMATION_FORMAT = dwarf;
				ENABLE_STRICT_OBJC_MSGSEND = YES;
				ENABLE_TESTABILITY = YES;
				GCC_C_LANGUAGE_STANDARD = gnu11;
				GCC_DYNAMIC_NO_PIC = NO;
				GCC_NO_COMMON_BLOCKS = YES;
				GCC_OPTIMIZATION_LEVEL = 0;
				GCC_PREPROCESSOR_DEFINITIONS = (
					"DEBUG=1",
					"$(inherited)",
				);
				GCC_WARN_64_TO_32_BIT_CONVERSION = YES;
				GCC_WARN_ABOUT_RETURN_TYPE = YES_ERROR;
				GCC_WARN_UNDECLARED_SELECTOR = YES;
				GCC_WARN_UNINITIALIZED_AUTOS = YES_AGGRESSIVE;
				GCC_WARN_UNUSED_FUNCTION = YES;
				GCC_WARN_UNUSED_VARIABLE = YES;
				IPHONEOS_DEPLOYMENT_TARGET = 16.4;
				MTL_ENABLE_DEBUG_INFO = INCLUDE_SOURCE;
				MTL_FAST_MATH = YES;
				ONLY_ACTIVE_ARCH = YES;
				SDKROOT = iphoneos;
				SWIFT_ACTIVE_COMPILATION_CONDITIONS = DEBUG;
				SWIFT_OPTIMIZATION_LEVEL = "-Onone";
			};
			name = Debug;
		};
		54A2406729EFD1A600376349 /* Release */ = {
			isa = XCBuildConfiguration;
			buildSettings = {
				ALWAYS_SEARCH_USER_PATHS = NO;
				BACKEND_ENVIRONMENT = qa;
				BASE_URL = "https://eacp.energyaustralia.com.au/codingtest/api/v1/festivals";
				CLANG_ANALYZER_NONNULL = YES;
				CLANG_ANALYZER_NUMBER_OBJECT_CONVERSION = YES_AGGRESSIVE;
				CLANG_CXX_LANGUAGE_STANDARD = "gnu++20";
				CLANG_ENABLE_MODULES = YES;
				CLANG_ENABLE_OBJC_ARC = YES;
				CLANG_ENABLE_OBJC_WEAK = YES;
				CLANG_WARN_BLOCK_CAPTURE_AUTORELEASING = YES;
				CLANG_WARN_BOOL_CONVERSION = YES;
				CLANG_WARN_COMMA = YES;
				CLANG_WARN_CONSTANT_CONVERSION = YES;
				CLANG_WARN_DEPRECATED_OBJC_IMPLEMENTATIONS = YES;
				CLANG_WARN_DIRECT_OBJC_ISA_USAGE = YES_ERROR;
				CLANG_WARN_DOCUMENTATION_COMMENTS = YES;
				CLANG_WARN_EMPTY_BODY = YES;
				CLANG_WARN_ENUM_CONVERSION = YES;
				CLANG_WARN_INFINITE_RECURSION = YES;
				CLANG_WARN_INT_CONVERSION = YES;
				CLANG_WARN_NON_LITERAL_NULL_CONVERSION = YES;
				CLANG_WARN_OBJC_IMPLICIT_RETAIN_SELF = YES;
				CLANG_WARN_OBJC_LITERAL_CONVERSION = YES;
				CLANG_WARN_OBJC_ROOT_CLASS = YES_ERROR;
				CLANG_WARN_QUOTED_INCLUDE_IN_FRAMEWORK_HEADER = YES;
				CLANG_WARN_RANGE_LOOP_ANALYSIS = YES;
				CLANG_WARN_STRICT_PROTOTYPES = YES;
				CLANG_WARN_SUSPICIOUS_MOVE = YES;
				CLANG_WARN_UNGUARDED_AVAILABILITY = YES_AGGRESSIVE;
				CLANG_WARN_UNREACHABLE_CODE = YES;
				CLANG_WARN__DUPLICATE_METHOD_MATCH = YES;
				COPY_PHASE_STRIP = NO;
				DEBUG_INFORMATION_FORMAT = "dwarf-with-dsym";
				ENABLE_NS_ASSERTIONS = NO;
				ENABLE_STRICT_OBJC_MSGSEND = YES;
				ENABLE_TESTABILITY = YES;
				GCC_C_LANGUAGE_STANDARD = gnu11;
				GCC_NO_COMMON_BLOCKS = YES;
				GCC_WARN_64_TO_32_BIT_CONVERSION = YES;
				GCC_WARN_ABOUT_RETURN_TYPE = YES_ERROR;
				GCC_WARN_UNDECLARED_SELECTOR = YES;
				GCC_WARN_UNINITIALIZED_AUTOS = YES_AGGRESSIVE;
				GCC_WARN_UNUSED_FUNCTION = YES;
				GCC_WARN_UNUSED_VARIABLE = YES;
				IPHONEOS_DEPLOYMENT_TARGET = 16.4;
				MTL_ENABLE_DEBUG_INFO = NO;
				MTL_FAST_MATH = YES;
				ONLY_ACTIVE_ARCH = NO;
				SDKROOT = iphoneos;
				SWIFT_COMPILATION_MODE = wholemodule;
				SWIFT_OPTIMIZATION_LEVEL = "-O";
				VALIDATE_PRODUCT = YES;
			};
			name = Release;
		};
		54A2406929EFD1A600376349 /* Debug */ = {
			isa = XCBuildConfiguration;
			buildSettings = {
				ASSETCATALOG_COMPILER_APPICON_NAME = AppIcon;
				ASSETCATALOG_COMPILER_GLOBAL_ACCENT_COLOR_NAME = AccentColor;
				CODE_SIGN_STYLE = Automatic;
				CURRENT_PROJECT_VERSION = 1;
				DEVELOPMENT_ASSET_PATHS = "\"EnergyAustraliaTestApp/Preview Content\"";
				ENABLE_PREVIEWS = YES;
				GENERATE_INFOPLIST_FILE = YES;
				INFOPLIST_FILE = EnergyAustraliaTestApp/Info.plist;
				INFOPLIST_KEY_UIApplicationSceneManifest_Generation = YES;
				INFOPLIST_KEY_UIApplicationSupportsIndirectInputEvents = YES;
				INFOPLIST_KEY_UILaunchScreen_Generation = YES;
				INFOPLIST_KEY_UISupportedInterfaceOrientations_iPad = "UIInterfaceOrientationPortrait UIInterfaceOrientationPortraitUpsideDown UIInterfaceOrientationLandscapeLeft UIInterfaceOrientationLandscapeRight";
				INFOPLIST_KEY_UISupportedInterfaceOrientations_iPhone = "UIInterfaceOrientationPortrait UIInterfaceOrientationLandscapeLeft UIInterfaceOrientationLandscapeRight";
				LD_RUNPATH_SEARCH_PATHS = (
					"$(inherited)",
					"@executable_path/Frameworks",
				);
				MARKETING_VERSION = 1.0;
				PRODUCT_BUNDLE_IDENTIFIER = CTS.EnergyAustraliaTestApp;
				PRODUCT_NAME = "$(TARGET_NAME)";
				SWIFT_EMIT_LOC_STRINGS = YES;
				SWIFT_VERSION = 5.0;
				TARGETED_DEVICE_FAMILY = "1,2";
			};
			name = Debug;
		};
		54A2406A29EFD1A600376349 /* Release */ = {
			isa = XCBuildConfiguration;
			buildSettings = {
				ASSETCATALOG_COMPILER_APPICON_NAME = AppIcon;
				ASSETCATALOG_COMPILER_GLOBAL_ACCENT_COLOR_NAME = AccentColor;
				CODE_SIGN_STYLE = Automatic;
				CURRENT_PROJECT_VERSION = 1;
				DEVELOPMENT_ASSET_PATHS = "\"EnergyAustraliaTestApp/Preview Content\"";
				ENABLE_PREVIEWS = YES;
				GENERATE_INFOPLIST_FILE = YES;
				INFOPLIST_FILE = EnergyAustraliaTestApp/Info.plist;
				INFOPLIST_KEY_UIApplicationSceneManifest_Generation = YES;
				INFOPLIST_KEY_UIApplicationSupportsIndirectInputEvents = YES;
				INFOPLIST_KEY_UILaunchScreen_Generation = YES;
				INFOPLIST_KEY_UISupportedInterfaceOrientations_iPad = "UIInterfaceOrientationPortrait UIInterfaceOrientationPortraitUpsideDown UIInterfaceOrientationLandscapeLeft UIInterfaceOrientationLandscapeRight";
				INFOPLIST_KEY_UISupportedInterfaceOrientations_iPhone = "UIInterfaceOrientationPortrait UIInterfaceOrientationLandscapeLeft UIInterfaceOrientationLandscapeRight";
				LD_RUNPATH_SEARCH_PATHS = (
					"$(inherited)",
					"@executable_path/Frameworks",
				);
				MARKETING_VERSION = 1.0;
				PRODUCT_BUNDLE_IDENTIFIER = CTS.EnergyAustraliaTestApp;
				PRODUCT_NAME = "$(TARGET_NAME)";
				SWIFT_EMIT_LOC_STRINGS = YES;
				SWIFT_VERSION = 5.0;
				TARGETED_DEVICE_FAMILY = "1,2";
			};
			name = Release;
		};
		54EFD4F929F03C6C00AB05EE /* Debug */ = {
			isa = XCBuildConfiguration;
			buildSettings = {
				BUNDLE_LOADER = "$(TEST_HOST)";
				CODE_SIGN_STYLE = Automatic;
				CURRENT_PROJECT_VERSION = 1;
				GENERATE_INFOPLIST_FILE = YES;
				MARKETING_VERSION = 1.0;
				PRODUCT_BUNDLE_IDENTIFIER = CTS.EnergyAustraliaTestAppTests;
				PRODUCT_NAME = "$(TARGET_NAME)";
				SWIFT_EMIT_LOC_STRINGS = NO;
				SWIFT_VERSION = 5.0;
				TARGETED_DEVICE_FAMILY = "1,2";
				TEST_HOST = "$(BUILT_PRODUCTS_DIR)/EnergyAustraliaTestApp.app/$(BUNDLE_EXECUTABLE_FOLDER_PATH)/EnergyAustraliaTestApp";
			};
			name = Debug;
		};
		54EFD4FA29F03C6C00AB05EE /* Release */ = {
			isa = XCBuildConfiguration;
			buildSettings = {
				BUNDLE_LOADER = "$(TEST_HOST)";
				CODE_SIGN_STYLE = Automatic;
				CURRENT_PROJECT_VERSION = 1;
				GENERATE_INFOPLIST_FILE = YES;
				MARKETING_VERSION = 1.0;
				PRODUCT_BUNDLE_IDENTIFIER = CTS.EnergyAustraliaTestAppTests;
				PRODUCT_NAME = "$(TARGET_NAME)";
				SWIFT_EMIT_LOC_STRINGS = NO;
				SWIFT_VERSION = 5.0;
				TARGETED_DEVICE_FAMILY = "1,2";
				TEST_HOST = "$(BUILT_PRODUCTS_DIR)/EnergyAustraliaTestApp.app/$(BUNDLE_EXECUTABLE_FOLDER_PATH)/EnergyAustraliaTestApp";
			};
			name = Release;
		};
/* End XCBuildConfiguration section */

/* Begin XCConfigurationList section */
		54A2405529EFD1A300376349 /* Build configuration list for PBXProject "EnergyAustraliaTestApp" */ = {
			isa = XCConfigurationList;
			buildConfigurations = (
				54A2406629EFD1A600376349 /* Debug */,
				54A2406729EFD1A600376349 /* Release */,
			);
			defaultConfigurationIsVisible = 0;
			defaultConfigurationName = Release;
		};
		54A2406829EFD1A600376349 /* Build configuration list for PBXNativeTarget "EnergyAustraliaTestApp" */ = {
			isa = XCConfigurationList;
			buildConfigurations = (
				54A2406929EFD1A600376349 /* Debug */,
				54A2406A29EFD1A600376349 /* Release */,
			);
			defaultConfigurationIsVisible = 0;
			defaultConfigurationName = Release;
		};
		54EFD4F829F03C6C00AB05EE /* Build configuration list for PBXNativeTarget "EnergyAustraliaTestAppTests" */ = {
			isa = XCConfigurationList;
			buildConfigurations = (
				54EFD4F929F03C6C00AB05EE /* Debug */,
				54EFD4FA29F03C6C00AB05EE /* Release */,
			);
			defaultConfigurationIsVisible = 0;
			defaultConfigurationName = Release;
		};
/* End XCConfigurationList section */
	};
	rootObject = 54A2405229EFD1A300376349 /* Project object */;
}
